{
  "lockfileVersion": 1,
  "configVersion": 0,
  "workspaces": {
    "": {
      "dependencies": {
        "@tauri-apps/cli": "^2.0.0-rc.18",
      },
    },
  },
  "packages": {
    "@tauri-apps/cli": ["@tauri-apps/cli@2.0.0-rc.18", "", { "optionalDependencies": { "@tauri-apps/cli-darwin-arm64": "2.0.0-rc.18", "@tauri-apps/cli-darwin-x64": "2.0.0-rc.18", "@tauri-apps/cli-linux-arm-gnueabihf": "2.0.0-rc.18", "@tauri-apps/cli-linux-arm64-gnu": "2.0.0-rc.18", "@tauri-apps/cli-linux-arm64-musl": "2.0.0-rc.18", "@tauri-apps/cli-linux-x64-gnu": "2.0.0-rc.18", "@tauri-apps/cli-linux-x64-musl": "2.0.0-rc.18", "@tauri-apps/cli-win32-arm64-msvc": "2.0.0-rc.18", "@tauri-apps/cli-win32-ia32-msvc": "2.0.0-rc.18", "@tauri-apps/cli-win32-x64-msvc": "2.0.0-rc.18" }, "bin": { "tauri": "tauri.js" } }, "sha512-43PjSEISHI3uH2jyR7QlEJUv1yQYlCOvm5eEdadhHIooV5Dqjs6zkddwEJuHYRpSLI/IfiQ8VPBYrw/GfyvhCA=="],

    "@tauri-apps/cli-darwin-arm64": ["@tauri-apps/cli-darwin-arm64@2.0.0-rc.18", "", { "os": "darwin", "cpu": "arm64" }, "sha512-L2/VQ4q1pZyhqOifarVDJf/+JabU6DSUMj6979wXrUOOxmyfLCZaw5qGGsbirYOfxWMo+qcXEFRF411YIv9qWw=="],

    "@tauri-apps/cli-darwin-x64": ["@tauri-apps/cli-darwin-x64@2.0.0-rc.18", "", { "os": "darwin", "cpu": "x64" }, "sha512-ri0NrRAh2CqejoKym67m9Devpqppnn4SrwWnuqV68oHXan3ibn2CeY+g3ygkb6Ch0v5ZcbxJEtop5fZwUTFH4w=="],

    "@tauri-apps/cli-linux-arm-gnueabihf": ["@tauri-apps/cli-linux-arm-gnueabihf@2.0.0-rc.18", "", { "os": "linux", "cpu": "arm" }, "sha512-+dDZQIHXufqq3WVrKycudVeJa8xfRzIY2XHSYunWS5RMRx1PrcvLbZLBcm3BMtwuY9pwbzrpDHL4K/1+Maj4JQ=="],

    "@tauri-apps/cli-linux-arm64-gnu": ["@tauri-apps/cli-linux-arm64-gnu@2.0.0-rc.18", "", { "os": "linux", "cpu": "arm64" }, "sha512-pti3FmMAJKArbr8FyoU8eFbcRHRcFRaD16crjNfXfGFGUGNXeMcrAAZptDpGZ9fPfMYBQYzUN/uKqHvrlrYFIw=="],

    "@tauri-apps/cli-linux-arm64-musl": ["@tauri-apps/cli-linux-arm64-musl@2.0.0-rc.18", "", { "os": "linux", "cpu": "arm64" }, "sha512-1e+h543bXRnLLhUwhglnnH6eN4dgtbxKS48oHsBCpLEqLNrovHTHEd1xSZgUAEOh9J9hpIh6Bme7loCwOps9ZQ=="],

    "@tauri-apps/cli-linux-x64-gnu": ["@tauri-apps/cli-linux-x64-gnu@2.0.0-rc.18", "", { "os": "linux", "cpu": "x64" }, "sha512-5lwBuY06s5J1iCOZq+hM6spBhaGejkh8zn8HdVjnL0mqZ+cH/qbC1Uss6HO/gC1Q53JQFoYeam2P2/8UuNjlHQ=="],

    "@tauri-apps/cli-linux-x64-musl": ["@tauri-apps/cli-linux-x64-musl@2.0.0-rc.18", "", { "os": "linux", "cpu": "x64" }, "sha512-jtJ1EP6GhW258MKujampDbPWX+El26m8yGBzEcZxurrhFvN8d3QHgle4eT/cgqlVT+AZ9DVrhDwTfXilGjERZA=="],

    "@tauri-apps/cli-win32-arm64-msvc": ["@tauri-apps/cli-win32-arm64-msvc@2.0.0-rc.18", "", { "os": "win32", "cpu": "arm64" }, "sha512-E9PSjWwvUnhnW/wjXti0UQgXDYLTUBKWtT2yOS2dXLspmvh1vwdRgZn/AjhjMM2HwZzhBW94Qys06mQAz6z2vg=="],

    "@tauri-apps/cli-win32-ia32-msvc": ["@tauri-apps/cli-win32-ia32-msvc@2.0.0-rc.18", "", { "os": "win32", "cpu": "ia32" }, "sha512-I+r88I/Dyqex7oV1NOtW3kxYoRegjxtQrQLILGsn6xcirTERnX0pPl1GYW5ooTxvs/H+qt4tuW5iL8Fp1lpmuQ=="],

    "@tauri-apps/cli-win32-x64-msvc": ["@tauri-apps/cli-win32-x64-msvc@2.0.0-rc.18", "", { "os": "win32", "cpu": "x64" }, "sha512-IEl0dDc10ln1rt2SGoNxKiYJIDS/fBsS1hTKT4cfZeeKCgHOqMqpdGq25RaVmkkk0UhW/9WeyjxIyFGO3ll4TA=="],
  }
}
